
Microsoft Visual Studio Solution File, Format Version 12.00
# Visual Studio Version 16
VisualStudioVersion = 16.0.30204.135
MinimumVisualStudioVersion = 10.0.40219.1
Project("{9A19103F-16F7-4668-BE54-9A1E7A4F7556}") = "OcelotApiGateway", "OcelotApiGateway\OcelotApiGateway.csproj", "{9D52E568-5D31-4B44-9441-E954E6C35122}"
EndProject
Project("{2150E333-8FDC-42A3-9474-1A3956D46DE8}") = "Framework", "Framework", "{7C454611-D891-4C51-A18A-A81DB714AC3C}"
EndProject
Project("{9A19103F-16F7-4668-BE54-9A1E7A4F7556}") = "Framework.Core", "Framework\Framework.Core\Framework.Core.csproj", "{EA23B533-D506-42E8-A828-0EB764C33351}"
EndProject
Project("{9A19103F-16F7-4668-BE54-9A1E7A4F7556}") = "Framework.Constants", "Framework\Framework.Constants\Framework.Constants.csproj", "{3F5BEBCE-62BB-4EBF-824D-A03FAFC0D0FF}"
EndProject
Project("{2150E333-8FDC-42A3-9474-1A3956D46DE8}") = "Microservices", "Microservices", "{206D6F65-03E9-401B-8EC4-BCBDAF667B4E}"
EndProject
Project("{2150E333-8FDC-42A3-9474-1A3956D46DE8}") = "GraphQL", "GraphQL", "{19EB065E-C006-45D9-8548-84EFFC835A55}"
EndProject
Project("{9A19103F-16F7-4668-BE54-9A1E7A4F7556}") = "GraphQL.MicroService", "Microservices\GraphQL\GraphQL.MicroService\GraphQL.MicroService.csproj", "{C5D7B9D6-371B-4B3D-A48A-42A1ED4B96C6}"
EndProject
Project("{9A19103F-16F7-4668-BE54-9A1E7A4F7556}") = "GraphQL.Core", "Microservices\GraphQL\GraphQL.Core\GraphQL.Core.csproj", "{942A98AA-88D7-4DF7-BEDA-C7E89B71CA13}"
EndProject
Project("{9A19103F-16F7-4668-BE54-9A1E7A4F7556}") = "GraphQL.Repository", "Microservices\GraphQL\GraphQL.Repository\GraphQL.Repository.csproj", "{78028A19-BEFD-4FF8-88C5-BB4557490578}"
EndProject
Project("{2150E333-8FDC-42A3-9474-1A3956D46DE8}") = "Normal", "Normal", "{35D719A2-DE3B-4C20-8F4F-E449EDB81369}"
EndProject
Project("{9A19103F-16F7-4668-BE54-9A1E7A4F7556}") = "Normal.MicroService", "Microservices\Normal\Normal.MicroService\Normal.MicroService.csproj", "{89A94A5F-3E6B-4902-A505-0866E009DD88}"
EndProject
Project("{9A19103F-16F7-4668-BE54-9A1E7A4F7556}") = "Normal.Core", "Microservices\Normal\Normal.Core\Normal.Core.csproj", "{2195CFA5-D71D-4119-AFCD-5FB891CB559B}"
EndProject
Project("{9A19103F-16F7-4668-BE54-9A1E7A4F7556}") = "Normal.Repository", "Microservices\Normal\Normal.Repository\Normal.Repository.csproj", "{FA5C33AF-36ED-43F1-908C-A45F4B4C05F5}"
EndProject
Project("{2150E333-8FDC-42A3-9474-1A3956D46DE8}") = "WebApi", "WebApi", "{77E9AB4E-93BB-4881-B04D-3F93C64246B5}"
EndProject
Project("{FAE04EC0-301F-11D3-BF4B-00C04F79EFBC}") = "GraphQlWebApi", "WebApi\GraphQlWebApi\GraphQlWebApi.csproj", "{589643AC-6AB7-4E5B-B7D7-84108629F7FA}"
EndProject
Global
	GlobalSection(SolutionConfigurationPlatforms) = preSolution
		Debug|Any CPU = Debug|Any CPU
		Release|Any CPU = Release|Any CPU
	EndGlobalSection
	GlobalSection(ProjectConfigurationPlatforms) = postSolution
		{9D52E568-5D31-4B44-9441-E954E6C35122}.Debug|Any CPU.ActiveCfg = Debug|Any CPU
		{9D52E568-5D31-4B44-9441-E954E6C35122}.Debug|Any CPU.Build.0 = Debug|Any CPU
		{9D52E568-5D31-4B44-9441-E954E6C35122}.Release|Any CPU.ActiveCfg = Release|Any CPU
		{9D52E568-5D31-4B44-9441-E954E6C35122}.Release|Any CPU.Build.0 = Release|Any CPU
		{EA23B533-D506-42E8-A828-0EB764C33351}.Debug|Any CPU.ActiveCfg = Debug|Any CPU
		{EA23B533-D506-42E8-A828-0EB764C33351}.Debug|Any CPU.Build.0 = Debug|Any CPU
		{EA23B533-D506-42E8-A828-0EB764C33351}.Release|Any CPU.ActiveCfg = Release|Any CPU
		{EA23B533-D506-42E8-A828-0EB764C33351}.Release|Any CPU.Build.0 = Release|Any CPU
		{3F5BEBCE-62BB-4EBF-824D-A03FAFC0D0FF}.Debug|Any CPU.ActiveCfg = Debug|Any CPU
		{3F5BEBCE-62BB-4EBF-824D-A03FAFC0D0FF}.Debug|Any CPU.Build.0 = Debug|Any CPU
		{3F5BEBCE-62BB-4EBF-824D-A03FAFC0D0FF}.Release|Any CPU.ActiveCfg = Release|Any CPU
		{3F5BEBCE-62BB-4EBF-824D-A03FAFC0D0FF}.Release|Any CPU.Build.0 = Release|Any CPU
		{C5D7B9D6-371B-4B3D-A48A-42A1ED4B96C6}.Debug|Any CPU.ActiveCfg = Debug|Any CPU
		{C5D7B9D6-371B-4B3D-A48A-42A1ED4B96C6}.Debug|Any CPU.Build.0 = Debug|Any CPU
		{C5D7B9D6-371B-4B3D-A48A-42A1ED4B96C6}.Release|Any CPU.ActiveCfg = Release|Any CPU
		{C5D7B9D6-371B-4B3D-A48A-42A1ED4B96C6}.Release|Any CPU.Build.0 = Release|Any CPU
		{942A98AA-88D7-4DF7-BEDA-C7E89B71CA13}.Debug|Any CPU.ActiveCfg = Debug|Any CPU
		{942A98AA-88D7-4DF7-BEDA-C7E89B71CA13}.Debug|Any CPU.Build.0 = Debug|Any CPU
		{942A98AA-88D7-4DF7-BEDA-C7E89B71CA13}.Release|Any CPU.ActiveCfg = Release|Any CPU
		{942A98AA-88D7-4DF7-BEDA-C7E89B71CA13}.Release|Any CPU.Build.0 = Release|Any CPU
		{78028A19-BEFD-4FF8-88C5-BB4557490578}.Debug|Any CPU.ActiveCfg = Debug|Any CPU
		{78028A19-BEFD-4FF8-88C5-BB4557490578}.Debug|Any CPU.Build.0 = Debug|Any CPU
		{78028A19-BEFD-4FF8-88C5-BB4557490578}.Release|Any CPU.ActiveCfg = Release|Any CPU
		{78028A19-BEFD-4FF8-88C5-BB4557490578}.Release|Any CPU.Build.0 = Release|Any CPU
		{89A94A5F-3E6B-4902-A505-0866E009DD88}.Debug|Any CPU.ActiveCfg = Debug|Any CPU
		{89A94A5F-3E6B-4902-A505-0866E009DD88}.Debug|Any CPU.Build.0 = Debug|Any CPU
		{89A94A5F-3E6B-4902-A505-0866E009DD88}.Release|Any CPU.ActiveCfg = Release|Any CPU
		{89A94A5F-3E6B-4902-A505-0866E009DD88}.Release|Any CPU.Build.0 = Release|Any CPU
		{2195CFA5-D71D-4119-AFCD-5FB891CB559B}.Debug|Any CPU.ActiveCfg = Debug|Any CPU
		{2195CFA5-D71D-4119-AFCD-5FB891CB559B}.Debug|Any CPU.Build.0 = Debug|Any CPU
		{2195CFA5-D71D-4119-AFCD-5FB891CB559B}.Release|Any CPU.ActiveCfg = Release|Any CPU
		{2195CFA5-D71D-4119-AFCD-5FB891CB559B}.Release|Any CPU.Build.0 = Release|Any CPU
		{FA5C33AF-36ED-43F1-908C-A45F4B4C05F5}.Debug|Any CPU.ActiveCfg = Debug|Any CPU
		{FA5C33AF-36ED-43F1-908C-A45F4B4C05F5}.Debug|Any CPU.Build.0 = Debug|Any CPU
		{FA5C33AF-36ED-43F1-908C-A45F4B4C05F5}.Release|Any CPU.ActiveCfg = Release|Any CPU
		{FA5C33AF-36ED-43F1-908C-A45F4B4C05F5}.Release|Any CPU.Build.0 = Release|Any CPU
		{589643AC-6AB7-4E5B-B7D7-84108629F7FA}.Debug|Any CPU.ActiveCfg = Debug|Any CPU
		{589643AC-6AB7-4E5B-B7D7-84108629F7FA}.Debug|Any CPU.Build.0 = Debug|Any CPU
		{589643AC-6AB7-4E5B-B7D7-84108629F7FA}.Release|Any CPU.ActiveCfg = Release|Any CPU
		{589643AC-6AB7-4E5B-B7D7-84108629F7FA}.Release|Any CPU.Build.0 = Release|Any CPU
	EndGlobalSection
	GlobalSection(SolutionProperties) = preSolution
		HideSolutionNode = FALSE
	EndGlobalSection
	GlobalSection(NestedProjects) = preSolution
		{EA23B533-D506-42E8-A828-0EB764C33351} = {7C454611-D891-4C51-A18A-A81DB714AC3C}
		{3F5BEBCE-62BB-4EBF-824D-A03FAFC0D0FF} = {7C454611-D891-4C51-A18A-A81DB714AC3C}
		{19EB065E-C006-45D9-8548-84EFFC835A55} = {206D6F65-03E9-401B-8EC4-BCBDAF667B4E}
		{C5D7B9D6-371B-4B3D-A48A-42A1ED4B96C6} = {19EB065E-C006-45D9-8548-84EFFC835A55}
		{942A98AA-88D7-4DF7-BEDA-C7E89B71CA13} = {19EB065E-C006-45D9-8548-84EFFC835A55}
		{78028A19-BEFD-4FF8-88C5-BB4557490578} = {19EB065E-C006-45D9-8548-84EFFC835A55}
		{35D719A2-DE3B-4C20-8F4F-E449EDB81369} = {206D6F65-03E9-401B-8EC4-BCBDAF667B4E}
		{89A94A5F-3E6B-4902-A505-0866E009DD88} = {35D719A2-DE3B-4C20-8F4F-E449EDB81369}
		{2195CFA5-D71D-4119-AFCD-5FB891CB559B} = {35D719A2-DE3B-4C20-8F4F-E449EDB81369}
		{FA5C33AF-36ED-43F1-908C-A45F4B4C05F5} = {35D719A2-DE3B-4C20-8F4F-E449EDB81369}
		{589643AC-6AB7-4E5B-B7D7-84108629F7FA} = {77E9AB4E-93BB-4881-B04D-3F93C64246B5}
	EndGlobalSection
	GlobalSection(ExtensibilityGlobals) = postSolution
		SolutionGuid = {0A9CA2C6-2D03-421E-A424-9E2691DB6772}
	EndGlobalSection
EndGlobal
